
Microsoft Visual Studio Solution File, Format Version 12.00
# Visual Studio 15
VisualStudioVersion = 15.0.26430.16
MinimumVisualStudioVersion = 10.0.40219.1
Project("{FAE04EC0-301F-11D3-BF4B-00C04F79EFBC}") = "log4net.SlackAppender", "log4net.SlackAppender\log4net.SlackAppender.csproj", "{DE6EA95C-0151-43CD-B6FE-E63FC4904A69}"
EndProject
Project("{FAE04EC0-301F-11D3-BF4B-00C04F79EFBC}") = "log4net.SlackAppender.Net451", "log4net.SlackAppender.Net451\log4net.SlackAppender.Net451.csproj", "{DCEB8AE0-A5BA-4DA6-A58E-D084332BCBD3}"
EndProject
Project("{FAE04EC0-301F-11D3-BF4B-00C04F79EFBC}") = "log4net.SlackAppender.Net462", "log4net.SlackAppender.Net462\log4net.SlackAppender.Net462.csproj", "{9F91F718-1BC5-41CE-B27D-03BF9C79FD50}"
EndProject
Project("{FAE04EC0-301F-11D3-BF4B-00C04F79EFBC}") = "log4net.SlackAppender.Net452", "log4net.SlackAppender.Net452\log4net.SlackAppender.Net452.csproj", "{C53D5E80-491F-40B4-939E-4F43B8CD6BAB}"
EndProject
Project("{FAE04EC0-301F-11D3-BF4B-00C04F79EFBC}") = "log4net.SlackAppender.Net472", "log4net.SlackAppender.Net472\log4net.SlackAppender.Net472.csproj", "{342043B3-8F74-4289-9225-8DA5148359C4}"
EndProject
Global
	GlobalSection(SolutionConfigurationPlatforms) = preSolution
		Debug|Any CPU = Debug|Any CPU
		Release|Any CPU = Release|Any CPU
	EndGlobalSection
	GlobalSection(ProjectConfigurationPlatforms) = postSolution
		{DE6EA95C-0151-43CD-B6FE-E63FC4904A69}.Debug|Any CPU.ActiveCfg = Debug|Any CPU
		{DE6EA95C-0151-43CD-B6FE-E63FC4904A69}.Debug|Any CPU.Build.0 = Debug|Any CPU
		{DE6EA95C-0151-43CD-B6FE-E63FC4904A69}.Release|Any CPU.ActiveCfg = Release|Any CPU
		{DE6EA95C-0151-43CD-B6FE-E63FC4904A69}.Release|Any CPU.Build.0 = Release|Any CPU
		{DCEB8AE0-A5BA-4DA6-A58E-D084332BCBD3}.Debug|Any CPU.ActiveCfg = Debug|Any CPU
		{DCEB8AE0-A5BA-4DA6-A58E-D084332BCBD3}.Debug|Any CPU.Build.0 = Debug|Any CPU
		{DCEB8AE0-A5BA-4DA6-A58E-D084332BCBD3}.Release|Any CPU.ActiveCfg = Release|Any CPU
		{DCEB8AE0-A5BA-4DA6-A58E-D084332BCBD3}.Release|Any CPU.Build.0 = Release|Any CPU
		{9F91F718-1BC5-41CE-B27D-03BF9C79FD50}.Debug|Any CPU.ActiveCfg = Debug|Any CPU
		{9F91F718-1BC5-41CE-B27D-03BF9C79FD50}.Debug|Any CPU.Build.0 = Debug|Any CPU
		{9F91F718-1BC5-41CE-B27D-03BF9C79FD50}.Release|Any CPU.ActiveCfg = Release|Any CPU
		{9F91F718-1BC5-41CE-B27D-03BF9C79FD50}.Release|Any CPU.Build.0 = Release|Any CPU
		{C53D5E80-491F-40B4-939E-4F43B8CD6BAB}.Debug|Any CPU.ActiveCfg = Debug|Any CPU
		{C53D5E80-491F-40B4-939E-4F43B8CD6BAB}.Debug|Any CPU.Build.0 = Debug|Any CPU
		{C53D5E80-491F-40B4-939E-4F43B8CD6BAB}.Release|Any CPU.ActiveCfg = Release|Any CPU
		{C53D5E80-491F-40B4-939E-4F43B8CD6BAB}.Release|Any CPU.Build.0 = Release|Any CPU
		{342043B3-8F74-4289-9225-8DA5148359C4}.Debug|Any CPU.ActiveCfg = Debug|Any CPU
		{342043B3-8F74-4289-9225-8DA5148359C4}.Debug|Any CPU.Build.0 = Debug|Any CPU
		{342043B3-8F74-4289-9225-8DA5148359C4}.Release|Any CPU.ActiveCfg = Release|Any CPU
		{342043B3-8F74-4289-9225-8DA5148359C4}.Release|Any CPU.Build.0 = Release|Any CPU
	EndGlobalSection
	GlobalSection(SolutionProperties) = preSolution
		HideSolutionNode = FALSE
	EndGlobalSection
	GlobalSection(ExtensibilityGlobals) = postSolution
		SolutionGuid = {C2273BC6-D9A0-4232-BCB0-E9D6C3D6B8C2}
	EndGlobalSection
EndGlobal
